
Microsoft Visual Studio Solution File, Format Version 12.00
# Visual Studio Version 16
VisualStudioVersion = 16.0.30114.105
MinimumVisualStudioVersion = 10.0.40219.1
Project("{FAE04EC0-301F-11D3-BF4B-00C04F79EFBC}") = "API", "API\API.csproj", "{518BE59A-0FF8-41AD-98FA-6A8902B33029}"
EndProject
Project("{FAE04EC0-301F-11D3-BF4B-00C04F79EFBC}") = "Application", "Application\Application.csproj", "{A666FD1F-D786-47F3-B99A-09083711D136}"
EndProject
Project("{FAE04EC0-301F-11D3-BF4B-00C04F79EFBC}") = "Persistence", "Persistence\Persistence.csproj", "{7C961E19-7C27-4AE2-81B3-4FF6FF7CD01E}"
EndProject
Project("{FAE04EC0-301F-11D3-BF4B-00C04F79EFBC}") = "Domain", "Domain\Domain.csproj", "{653945F7-5560-4D3B-A0E0-E593414DBED9}"
EndProject
Project("{FAE04EC0-301F-11D3-BF4B-00C04F79EFBC}") = "Infrastructure", "Infrastructure\Infrastructure.csproj", "{FC63C00B-C625-4BF4-B240-955BF391119A}"
EndProject
Global
	GlobalSection(SolutionConfigurationPlatforms) = preSolution
		Debug|Any CPU = Debug|Any CPU
		Release|Any CPU = Release|Any CPU
	EndGlobalSection
	GlobalSection(SolutionProperties) = preSolution
		HideSolutionNode = FALSE
	EndGlobalSection
	GlobalSection(ProjectConfigurationPlatforms) = postSolution
		{518BE59A-0FF8-41AD-98FA-6A8902B33029}.Debug|Any CPU.ActiveCfg = Debug|Any CPU
		{518BE59A-0FF8-41AD-98FA-6A8902B33029}.Debug|Any CPU.Build.0 = Debug|Any CPU
		{518BE59A-0FF8-41AD-98FA-6A8902B33029}.Release|Any CPU.ActiveCfg = Release|Any CPU
		{518BE59A-0FF8-41AD-98FA-6A8902B33029}.Release|Any CPU.Build.0 = Release|Any CPU
		{A666FD1F-D786-47F3-B99A-09083711D136}.Debug|Any CPU.ActiveCfg = Debug|Any CPU
		{A666FD1F-D786-47F3-B99A-09083711D136}.Debug|Any CPU.Build.0 = Debug|Any CPU
		{A666FD1F-D786-47F3-B99A-09083711D136}.Release|Any CPU.ActiveCfg = Release|Any CPU
		{A666FD1F-D786-47F3-B99A-09083711D136}.Release|Any CPU.Build.0 = Release|Any CPU
		{7C961E19-7C27-4AE2-81B3-4FF6FF7CD01E}.Debug|Any CPU.ActiveCfg = Debug|Any CPU
		{7C961E19-7C27-4AE2-81B3-4FF6FF7CD01E}.Debug|Any CPU.Build.0 = Debug|Any CPU
		{7C961E19-7C27-4AE2-81B3-4FF6FF7CD01E}.Release|Any CPU.ActiveCfg = Release|Any CPU
		{7C961E19-7C27-4AE2-81B3-4FF6FF7CD01E}.Release|Any CPU.Build.0 = Release|Any CPU
		{653945F7-5560-4D3B-A0E0-E593414DBED9}.Debug|Any CPU.ActiveCfg = Debug|Any CPU
		{653945F7-5560-4D3B-A0E0-E593414DBED9}.Debug|Any CPU.Build.0 = Debug|Any CPU
		{653945F7-5560-4D3B-A0E0-E593414DBED9}.Release|Any CPU.ActiveCfg = Release|Any CPU
		{653945F7-5560-4D3B-A0E0-E593414DBED9}.Release|Any CPU.Build.0 = Release|Any CPU
		{FC63C00B-C625-4BF4-B240-955BF391119A}.Debug|Any CPU.ActiveCfg = Debug|Any CPU
		{FC63C00B-C625-4BF4-B240-955BF391119A}.Debug|Any CPU.Build.0 = Debug|Any CPU
		{FC63C00B-C625-4BF4-B240-955BF391119A}.Release|Any CPU.ActiveCfg = Release|Any CPU
		{FC63C00B-C625-4BF4-B240-955BF391119A}.Release|Any CPU.Build.0 = Release|Any CPU
	EndGlobalSection
EndGlobal
